
Microsoft Visual Studio Solution File, Format Version 12.00
# Visual Studio Version 17
VisualStudioVersion = 17.3.32929.385
MinimumVisualStudioVersion = 10.0.40219.1
Project("{FAE04EC0-301F-11D3-BF4B-00C04F79EFBC}") = "CompanyCatalogue", "CompanyCatalogue\CompanyCatalogue.csproj", "{F13ACDEC-C650-4D32-87FF-5CA6153851B7}"
EndProject
Project("{FAE04EC0-301F-11D3-BF4B-00C04F79EFBC}") = "DAL", "DAL\DAL.csproj", "{71CF0AE8-AF61-4637-B0B0-1C6D72EBA847}"
EndProject
Global
	GlobalSection(SolutionConfigurationPlatforms) = preSolution
		Debug|Any CPU = Debug|Any CPU
		Release|Any CPU = Release|Any CPU
	EndGlobalSection
	GlobalSection(ProjectConfigurationPlatforms) = postSolution
		{F13ACDEC-C650-4D32-87FF-5CA6153851B7}.Debug|Any CPU.ActiveCfg = Debug|Any CPU
		{F13ACDEC-C650-4D32-87FF-5CA6153851B7}.Debug|Any CPU.Build.0 = Debug|Any CPU
		{F13ACDEC-C650-4D32-87FF-5CA6153851B7}.Release|Any CPU.ActiveCfg = Release|Any CPU
		{F13ACDEC-C650-4D32-87FF-5CA6153851B7}.Release|Any CPU.Build.0 = Release|Any CPU
		{71CF0AE8-AF61-4637-B0B0-1C6D72EBA847}.Debug|Any CPU.ActiveCfg = Debug|Any CPU
		{71CF0AE8-AF61-4637-B0B0-1C6D72EBA847}.Debug|Any CPU.Build.0 = Debug|Any CPU
		{71CF0AE8-AF61-4637-B0B0-1C6D72EBA847}.Release|Any CPU.ActiveCfg = Release|Any CPU
		{71CF0AE8-AF61-4637-B0B0-1C6D72EBA847}.Release|Any CPU.Build.0 = Release|Any CPU
	EndGlobalSection
	GlobalSection(SolutionProperties) = preSolution
		HideSolutionNode = FALSE
	EndGlobalSection
	GlobalSection(ExtensibilityGlobals) = postSolution
		SolutionGuid = {D0B85861-71FB-4FB5-9742-938861671CB8}
	EndGlobalSection
EndGlobal
